
Microsoft Visual Studio Solution File, Format Version 12.00
# Visual Studio 15
VisualStudioVersion = 15.0.27428.2011
MinimumVisualStudioVersion = 10.0.40219.1
Project("{FAE04EC0-301F-11D3-BF4B-00C04F79EFBC}") = "MyManagementWeb", "MyManagementWeb\MyManagementWeb.csproj", "{73EEB6C0-6ED8-489F-9AF8-91FD2000E421}"
EndProject
Global
	GlobalSection(SolutionConfigurationPlatforms) = preSolution
		Debug|Any CPU = Debug|Any CPU
		Release|Any CPU = Release|Any CPU
	EndGlobalSection
	GlobalSection(ProjectConfigurationPlatforms) = postSolution
		{73EEB6C0-6ED8-489F-9AF8-91FD2000E421}.Debug|Any CPU.ActiveCfg = Debug|Any CPU
		{73EEB6C0-6ED8-489F-9AF8-91FD2000E421}.Debug|Any CPU.Build.0 = Debug|Any CPU
		{73EEB6C0-6ED8-489F-9AF8-91FD2000E421}.Release|Any CPU.ActiveCfg = Release|Any CPU
		{73EEB6C0-6ED8-489F-9AF8-91FD2000E421}.Release|Any CPU.Build.0 = Release|Any CPU
	EndGlobalSection
	GlobalSection(SolutionProperties) = preSolution
		HideSolutionNode = FALSE
	EndGlobalSection
	GlobalSection(ExtensibilityGlobals) = postSolution
		SolutionGuid = {03F718E3-D927-47AA-BEE0-DCA65FDDF4F8}
	EndGlobalSection
EndGlobal
